
Microsoft Visual Studio Solution File, Format Version 12.00
Project("{2150E333-8FDC-42A3-9474-1A3956D46DE8}") = "src", "src", "{AC22056E-CB38-45A6-809B-9646D80D9E26}"
EndProject
Project("{2150E333-8FDC-42A3-9474-1A3956D46DE8}") = "test", "test", "{DFCA5941-29E4-4A80-8A64-08C9B9CDC068}"
EndProject
Project("{2150E333-8FDC-42A3-9474-1A3956D46DE8}") = "core", "core", "{8087C45D-32B2-436D-A130-92A7540E6CE5}"
EndProject
Project("{2150E333-8FDC-42A3-9474-1A3956D46DE8}") = "infrastructure", "infrastructure", "{DFCE78C2-1DD0-483E-9939-67F691E13566}"
EndProject
Project("{2150E333-8FDC-42A3-9474-1A3956D46DE8}") = "presentation", "presentation", "{22368E44-6419-44CB-9113-1C5B4C6F4AD6}"
EndProject
Project("{2150E333-8FDC-42A3-9474-1A3956D46DE8}") = "application", "application", "{9B117FE9-B87A-4B8A-A471-EDF48ED0CE58}"
EndProject
Project("{2150E333-8FDC-42A3-9474-1A3956D46DE8}") = "domain", "domain", "{D7FD8422-1A19-420B-B17B-933F38F11215}"
EndProject
Project("{2150E333-8FDC-42A3-9474-1A3956D46DE8}") = "persistent", "persistent", "{A695719D-5B46-4B08-A181-DA5331C34F8D}"
EndProject
Project("{FAE04EC0-301F-11D3-BF4B-00C04F79EFBC}") = "Application", "src\core\Application\Application.csproj", "{3E058529-1565-4250-BED0-649246051866}"
EndProject
Project("{FAE04EC0-301F-11D3-BF4B-00C04F79EFBC}") = "Common", "src\core\Common\Common.csproj", "{D1D33CCF-E34C-496F-803B-DFDBEE19DAB0}"
EndProject
Project("{FAE04EC0-301F-11D3-BF4B-00C04F79EFBC}") = "Domain", "src\core\Domain\Domain.csproj", "{B1D3F00A-189F-4376-AAC1-99B14445651C}"
EndProject
Project("{FAE04EC0-301F-11D3-BF4B-00C04F79EFBC}") = "Infrastructure", "src\infrastructure\Infrastructure\Infrastructure.csproj", "{CBE042DA-971D-4A75-9F31-CFD4A7B9E112}"
EndProject
Project("{FAE04EC0-301F-11D3-BF4B-00C04F79EFBC}") = "Persistence", "src\infrastructure\Persistence\Persistence.csproj", "{1A17B0E9-F0C7-431F-9A98-AA844AC39640}"
EndProject
Project("{FAE04EC0-301F-11D3-BF4B-00C04F79EFBC}") = "WebAPI", "src\presentation\WebAPI\WebAPI.csproj", "{D76C13CA-B496-442C-B59C-AF3D04E28AD6}"
EndProject
Project("{FAE04EC0-301F-11D3-BF4B-00C04F79EFBC}") = "Application.UnitTests", "test\application\Application.UnitTests\Application.UnitTests.csproj", "{C3F389F9-10C9-4132-8139-34490DB05B18}"
EndProject
Project("{FAE04EC0-301F-11D3-BF4B-00C04F79EFBC}") = "Domain.UnitTests", "test\domain\Domain.UnitTests\Domain.UnitTests.csproj", "{A5452073-AB97-4426-AE7F-102897FC59A6}"
EndProject
Global
	GlobalSection(SolutionConfigurationPlatforms) = preSolution
		Debug|Any CPU = Debug|Any CPU
		Release|Any CPU = Release|Any CPU
	EndGlobalSection
	GlobalSection(NestedProjects) = preSolution
		{8087C45D-32B2-436D-A130-92A7540E6CE5} = {AC22056E-CB38-45A6-809B-9646D80D9E26}
		{DFCE78C2-1DD0-483E-9939-67F691E13566} = {AC22056E-CB38-45A6-809B-9646D80D9E26}
		{22368E44-6419-44CB-9113-1C5B4C6F4AD6} = {AC22056E-CB38-45A6-809B-9646D80D9E26}
		{9B117FE9-B87A-4B8A-A471-EDF48ED0CE58} = {DFCA5941-29E4-4A80-8A64-08C9B9CDC068}
		{D7FD8422-1A19-420B-B17B-933F38F11215} = {DFCA5941-29E4-4A80-8A64-08C9B9CDC068}
		{A695719D-5B46-4B08-A181-DA5331C34F8D} = {DFCA5941-29E4-4A80-8A64-08C9B9CDC068}
		{3E058529-1565-4250-BED0-649246051866} = {8087C45D-32B2-436D-A130-92A7540E6CE5}
		{D1D33CCF-E34C-496F-803B-DFDBEE19DAB0} = {8087C45D-32B2-436D-A130-92A7540E6CE5}
		{B1D3F00A-189F-4376-AAC1-99B14445651C} = {8087C45D-32B2-436D-A130-92A7540E6CE5}
		{CBE042DA-971D-4A75-9F31-CFD4A7B9E112} = {DFCE78C2-1DD0-483E-9939-67F691E13566}
		{1A17B0E9-F0C7-431F-9A98-AA844AC39640} = {DFCE78C2-1DD0-483E-9939-67F691E13566}
		{D76C13CA-B496-442C-B59C-AF3D04E28AD6} = {22368E44-6419-44CB-9113-1C5B4C6F4AD6}
		{C3F389F9-10C9-4132-8139-34490DB05B18} = {9B117FE9-B87A-4B8A-A471-EDF48ED0CE58}
		{A5452073-AB97-4426-AE7F-102897FC59A6} = {D7FD8422-1A19-420B-B17B-933F38F11215}
	EndGlobalSection
	GlobalSection(ProjectConfigurationPlatforms) = postSolution
		{3E058529-1565-4250-BED0-649246051866}.Debug|Any CPU.ActiveCfg = Debug|Any CPU
		{3E058529-1565-4250-BED0-649246051866}.Debug|Any CPU.Build.0 = Debug|Any CPU
		{3E058529-1565-4250-BED0-649246051866}.Release|Any CPU.ActiveCfg = Release|Any CPU
		{3E058529-1565-4250-BED0-649246051866}.Release|Any CPU.Build.0 = Release|Any CPU
		{D1D33CCF-E34C-496F-803B-DFDBEE19DAB0}.Debug|Any CPU.ActiveCfg = Debug|Any CPU
		{D1D33CCF-E34C-496F-803B-DFDBEE19DAB0}.Debug|Any CPU.Build.0 = Debug|Any CPU
		{D1D33CCF-E34C-496F-803B-DFDBEE19DAB0}.Release|Any CPU.ActiveCfg = Release|Any CPU
		{D1D33CCF-E34C-496F-803B-DFDBEE19DAB0}.Release|Any CPU.Build.0 = Release|Any CPU
		{B1D3F00A-189F-4376-AAC1-99B14445651C}.Debug|Any CPU.ActiveCfg = Debug|Any CPU
		{B1D3F00A-189F-4376-AAC1-99B14445651C}.Debug|Any CPU.Build.0 = Debug|Any CPU
		{B1D3F00A-189F-4376-AAC1-99B14445651C}.Release|Any CPU.ActiveCfg = Release|Any CPU
		{B1D3F00A-189F-4376-AAC1-99B14445651C}.Release|Any CPU.Build.0 = Release|Any CPU
		{CBE042DA-971D-4A75-9F31-CFD4A7B9E112}.Debug|Any CPU.ActiveCfg = Debug|Any CPU
		{CBE042DA-971D-4A75-9F31-CFD4A7B9E112}.Debug|Any CPU.Build.0 = Debug|Any CPU
		{CBE042DA-971D-4A75-9F31-CFD4A7B9E112}.Release|Any CPU.ActiveCfg = Release|Any CPU
		{CBE042DA-971D-4A75-9F31-CFD4A7B9E112}.Release|Any CPU.Build.0 = Release|Any CPU
		{1A17B0E9-F0C7-431F-9A98-AA844AC39640}.Debug|Any CPU.ActiveCfg = Debug|Any CPU
		{1A17B0E9-F0C7-431F-9A98-AA844AC39640}.Debug|Any CPU.Build.0 = Debug|Any CPU
		{1A17B0E9-F0C7-431F-9A98-AA844AC39640}.Release|Any CPU.ActiveCfg = Release|Any CPU
		{1A17B0E9-F0C7-431F-9A98-AA844AC39640}.Release|Any CPU.Build.0 = Release|Any CPU
		{D76C13CA-B496-442C-B59C-AF3D04E28AD6}.Debug|Any CPU.ActiveCfg = Debug|Any CPU
		{D76C13CA-B496-442C-B59C-AF3D04E28AD6}.Debug|Any CPU.Build.0 = Debug|Any CPU
		{D76C13CA-B496-442C-B59C-AF3D04E28AD6}.Release|Any CPU.ActiveCfg = Release|Any CPU
		{D76C13CA-B496-442C-B59C-AF3D04E28AD6}.Release|Any CPU.Build.0 = Release|Any CPU
		{C3F389F9-10C9-4132-8139-34490DB05B18}.Debug|Any CPU.ActiveCfg = Debug|Any CPU
		{C3F389F9-10C9-4132-8139-34490DB05B18}.Debug|Any CPU.Build.0 = Debug|Any CPU
		{C3F389F9-10C9-4132-8139-34490DB05B18}.Release|Any CPU.ActiveCfg = Release|Any CPU
		{C3F389F9-10C9-4132-8139-34490DB05B18}.Release|Any CPU.Build.0 = Release|Any CPU
		{A5452073-AB97-4426-AE7F-102897FC59A6}.Debug|Any CPU.ActiveCfg = Debug|Any CPU
		{A5452073-AB97-4426-AE7F-102897FC59A6}.Debug|Any CPU.Build.0 = Debug|Any CPU
		{A5452073-AB97-4426-AE7F-102897FC59A6}.Release|Any CPU.ActiveCfg = Release|Any CPU
		{A5452073-AB97-4426-AE7F-102897FC59A6}.Release|Any CPU.Build.0 = Release|Any CPU
	EndGlobalSection
EndGlobal
